
Microsoft Visual Studio Solution File, Format Version 12.00
# Visual Studio Version 17
VisualStudioVersion = 17.3.32929.385
MinimumVisualStudioVersion = 10.0.40219.1
Project("{9A19103F-16F7-4668-BE54-9A1E7A4F7556}") = "BobTheDiceMaster", "BobTheDiceMaster\BobTheDiceMaster.csproj", "{844FA376-5689-4619-BA01-8C9A84647441}"
EndProject
Project("{9A19103F-16F7-4668-BE54-9A1E7A4F7556}") = "BobTheDiceMasterWebUI", "BobTheDiceMasterWebUI\BobTheDiceMasterWebUI.csproj", "{5FCE8692-8038-43B7-A8A1-D3D5B440FE3E}"
EndProject
Project("{9A19103F-16F7-4668-BE54-9A1E7A4F7556}") = "BobTheDiceMasterConsoleUI", "BobTheDiceMasterConsoleUI\BobTheDiceMasterConsoleUI.csproj", "{876CC04A-E7DE-4404-A5CD-66468270037A}"
EndProject
Project("{9A19103F-16F7-4668-BE54-9A1E7A4F7556}") = "BobTheDiceMasterAwsLambdaApi", "BobTheDiceMasterAwsLambdaApi\src\BobTheDiceMasterAwsLambdaApi\BobTheDiceMasterAwsLambdaApi.csproj", "{11249469-A75A-4570-980E-29CC171122A5}"
EndProject
Project("{FAE04EC0-301F-11D3-BF4B-00C04F79EFBC}") = "BobPrecomputer", "BobPrecomputer\BobPrecomputer.csproj", "{25AFB399-1DB1-4992-A9F3-911A848CC5BB}"
EndProject
Global
	GlobalSection(SolutionConfigurationPlatforms) = preSolution
		Debug|Any CPU = Debug|Any CPU
		Release|Any CPU = Release|Any CPU
	EndGlobalSection
	GlobalSection(ProjectConfigurationPlatforms) = postSolution
		{844FA376-5689-4619-BA01-8C9A84647441}.Debug|Any CPU.ActiveCfg = Debug|Any CPU
		{844FA376-5689-4619-BA01-8C9A84647441}.Debug|Any CPU.Build.0 = Debug|Any CPU
		{844FA376-5689-4619-BA01-8C9A84647441}.Release|Any CPU.ActiveCfg = Release|Any CPU
		{844FA376-5689-4619-BA01-8C9A84647441}.Release|Any CPU.Build.0 = Release|Any CPU
		{5FCE8692-8038-43B7-A8A1-D3D5B440FE3E}.Debug|Any CPU.ActiveCfg = Debug|Any CPU
		{5FCE8692-8038-43B7-A8A1-D3D5B440FE3E}.Debug|Any CPU.Build.0 = Debug|Any CPU
		{5FCE8692-8038-43B7-A8A1-D3D5B440FE3E}.Release|Any CPU.ActiveCfg = Release|Any CPU
		{5FCE8692-8038-43B7-A8A1-D3D5B440FE3E}.Release|Any CPU.Build.0 = Release|Any CPU
		{876CC04A-E7DE-4404-A5CD-66468270037A}.Debug|Any CPU.ActiveCfg = Debug|Any CPU
		{876CC04A-E7DE-4404-A5CD-66468270037A}.Debug|Any CPU.Build.0 = Debug|Any CPU
		{876CC04A-E7DE-4404-A5CD-66468270037A}.Release|Any CPU.ActiveCfg = Release|Any CPU
		{876CC04A-E7DE-4404-A5CD-66468270037A}.Release|Any CPU.Build.0 = Release|Any CPU
		{11249469-A75A-4570-980E-29CC171122A5}.Debug|Any CPU.ActiveCfg = Debug|Any CPU
		{11249469-A75A-4570-980E-29CC171122A5}.Debug|Any CPU.Build.0 = Debug|Any CPU
		{11249469-A75A-4570-980E-29CC171122A5}.Release|Any CPU.ActiveCfg = Release|Any CPU
		{11249469-A75A-4570-980E-29CC171122A5}.Release|Any CPU.Build.0 = Release|Any CPU
		{25AFB399-1DB1-4992-A9F3-911A848CC5BB}.Debug|Any CPU.ActiveCfg = Debug|Any CPU
		{25AFB399-1DB1-4992-A9F3-911A848CC5BB}.Debug|Any CPU.Build.0 = Debug|Any CPU
		{25AFB399-1DB1-4992-A9F3-911A848CC5BB}.Release|Any CPU.ActiveCfg = Release|Any CPU
		{25AFB399-1DB1-4992-A9F3-911A848CC5BB}.Release|Any CPU.Build.0 = Release|Any CPU
	EndGlobalSection
	GlobalSection(SolutionProperties) = preSolution
		HideSolutionNode = FALSE
	EndGlobalSection
	GlobalSection(ExtensibilityGlobals) = postSolution
		SolutionGuid = {DCC034C0-FFEF-437A-AAD1-5EC48112B6C4}
	EndGlobalSection
EndGlobal
